# This file is automatically @generated by Cargo.
# It is not intended for manual editing.
version = 4

[[package]]
name = "datagen"
version = "0.1.0"
dependencies = [
 "faeries",
 "games",
 "protocols",
]

[[package]]
name = "faeries"
version = "0.1.0"
dependencies = [
 "games",
 "protocols",
]

[[package]]
name = "games"
version = "0.1.0"
source = "git+https://github.com/kz04px/games#fd8531b02f59e31ebad99737b6ebd0eca07c4dfc"

[[package]]
name = "protocols"
version = "0.1.0"
dependencies = [
 "ugi",
]

[[package]]
name = "ugi"
version = "0.1.0"
source = "git+https://github.com/kz04px/ugi#cc90e1f7b01907044c3a8e2cd405a20c223b103c"
